
Microsoft Visual Studio Solution File, Format Version 12.00
# Visual Studio Version 16
VisualStudioVersion = 16.0.31424.327
MinimumVisualStudioVersion = 10.0.40219.1
Project("{FAE04EC0-301F-11D3-BF4B-00C04F79EFBC}") = "LinqArgsApp", "LinqArgsApp.csproj", "{F5B6203B-A572-49E1-96A0-19D9E29BD5C9}"
EndProject
Global
	GlobalSection(SolutionConfigurationPlatforms) = preSolution
		Debug|Any CPU = Debug|Any CPU
		Release|Any CPU = Release|Any CPU
	EndGlobalSection
	GlobalSection(ProjectConfigurationPlatforms) = postSolution
		{F5B6203B-A572-49E1-96A0-19D9E29BD5C9}.Debug|Any CPU.ActiveCfg = Debug|Any CPU
		{F5B6203B-A572-49E1-96A0-19D9E29BD5C9}.Debug|Any CPU.Build.0 = Debug|Any CPU
		{F5B6203B-A572-49E1-96A0-19D9E29BD5C9}.Release|Any CPU.ActiveCfg = Release|Any CPU
		{F5B6203B-A572-49E1-96A0-19D9E29BD5C9}.Release|Any CPU.Build.0 = Release|Any CPU
	EndGlobalSection
	GlobalSection(SolutionProperties) = preSolution
		HideSolutionNode = FALSE
	EndGlobalSection
	GlobalSection(ExtensibilityGlobals) = postSolution
		SolutionGuid = {A58423C1-3D90-418C-A017-317B52FB7CAF}
	EndGlobalSection
EndGlobal
