
Microsoft Visual Studio Solution File, Format Version 12.00
# Visual Studio Version 16
VisualStudioVersion = 16.0.31424.327
MinimumVisualStudioVersion = 10.0.40219.1
Project("{FAE04EC0-301F-11D3-BF4B-00C04F79EFBC}") = "DeSerializationApp", "DeSerializationApp.csproj", "{C67F13D8-D144-4BC2-A27C-BD2D0A3D2CB0}"
EndProject
Global
	GlobalSection(SolutionConfigurationPlatforms) = preSolution
		Debug|Any CPU = Debug|Any CPU
		Release|Any CPU = Release|Any CPU
	EndGlobalSection
	GlobalSection(ProjectConfigurationPlatforms) = postSolution
		{C67F13D8-D144-4BC2-A27C-BD2D0A3D2CB0}.Debug|Any CPU.ActiveCfg = Debug|Any CPU
		{C67F13D8-D144-4BC2-A27C-BD2D0A3D2CB0}.Debug|Any CPU.Build.0 = Debug|Any CPU
		{C67F13D8-D144-4BC2-A27C-BD2D0A3D2CB0}.Release|Any CPU.ActiveCfg = Release|Any CPU
		{C67F13D8-D144-4BC2-A27C-BD2D0A3D2CB0}.Release|Any CPU.Build.0 = Release|Any CPU
	EndGlobalSection
	GlobalSection(SolutionProperties) = preSolution
		HideSolutionNode = FALSE
	EndGlobalSection
	GlobalSection(ExtensibilityGlobals) = postSolution
		SolutionGuid = {3495D6B4-5176-4934-8E26-4E2C5B9B6015}
	EndGlobalSection
EndGlobal
