
Microsoft Visual Studio Solution File, Format Version 12.00
# Visual Studio Version 16
VisualStudioVersion = 16.0.31424.327
MinimumVisualStudioVersion = 10.0.40219.1
Project("{FAE04EC0-301F-11D3-BF4B-00C04F79EFBC}") = "SessionApp", "SessionApp.csproj", "{BD526304-BCA0-4445-8F44-0C6724E26F43}"
EndProject
Global
	GlobalSection(SolutionConfigurationPlatforms) = preSolution
		Debug|Any CPU = Debug|Any CPU
		Release|Any CPU = Release|Any CPU
	EndGlobalSection
	GlobalSection(ProjectConfigurationPlatforms) = postSolution
		{BD526304-BCA0-4445-8F44-0C6724E26F43}.Debug|Any CPU.ActiveCfg = Debug|Any CPU
		{BD526304-BCA0-4445-8F44-0C6724E26F43}.Debug|Any CPU.Build.0 = Debug|Any CPU
		{BD526304-BCA0-4445-8F44-0C6724E26F43}.Release|Any CPU.ActiveCfg = Release|Any CPU
		{BD526304-BCA0-4445-8F44-0C6724E26F43}.Release|Any CPU.Build.0 = Release|Any CPU
	EndGlobalSection
	GlobalSection(SolutionProperties) = preSolution
		HideSolutionNode = FALSE
	EndGlobalSection
	GlobalSection(ExtensibilityGlobals) = postSolution
		SolutionGuid = {F0C7A29A-E731-4895-A490-23FCE3723216}
	EndGlobalSection
EndGlobal
