
Microsoft Visual Studio Solution File, Format Version 12.00
# Visual Studio Version 16
VisualStudioVersion = 16.0.31424.327
MinimumVisualStudioVersion = 10.0.40219.1
Project("{FAE04EC0-301F-11D3-BF4B-00C04F79EFBC}") = "CalcLib", "CalcLib\CalcLib.csproj", "{1F1DA923-30E7-48FE-9779-4209198FE5A6}"
EndProject
Project("{FAE04EC0-301F-11D3-BF4B-00C04F79EFBC}") = "CalcConsoleClient", "CalcConsoleClient\CalcConsoleClient.csproj", "{AE31E07E-1D78-44A9-AB8B-8422BB98FE7C}"
EndProject
Project("{FAE04EC0-301F-11D3-BF4B-00C04F79EFBC}") = "CalculatorTestProject", "UnitTestProject1\CalculatorTestProject.csproj", "{1985733C-9699-4873-A0E0-082FFACDF8FF}"
EndProject
Global
	GlobalSection(SolutionConfigurationPlatforms) = preSolution
		Debug|Any CPU = Debug|Any CPU
		Release|Any CPU = Release|Any CPU
	EndGlobalSection
	GlobalSection(ProjectConfigurationPlatforms) = postSolution
		{1F1DA923-30E7-48FE-9779-4209198FE5A6}.Debug|Any CPU.ActiveCfg = Debug|Any CPU
		{1F1DA923-30E7-48FE-9779-4209198FE5A6}.Debug|Any CPU.Build.0 = Debug|Any CPU
		{1F1DA923-30E7-48FE-9779-4209198FE5A6}.Release|Any CPU.ActiveCfg = Release|Any CPU
		{1F1DA923-30E7-48FE-9779-4209198FE5A6}.Release|Any CPU.Build.0 = Release|Any CPU
		{AE31E07E-1D78-44A9-AB8B-8422BB98FE7C}.Debug|Any CPU.ActiveCfg = Debug|Any CPU
		{AE31E07E-1D78-44A9-AB8B-8422BB98FE7C}.Debug|Any CPU.Build.0 = Debug|Any CPU
		{AE31E07E-1D78-44A9-AB8B-8422BB98FE7C}.Release|Any CPU.ActiveCfg = Release|Any CPU
		{AE31E07E-1D78-44A9-AB8B-8422BB98FE7C}.Release|Any CPU.Build.0 = Release|Any CPU
		{1985733C-9699-4873-A0E0-082FFACDF8FF}.Debug|Any CPU.ActiveCfg = Debug|Any CPU
		{1985733C-9699-4873-A0E0-082FFACDF8FF}.Debug|Any CPU.Build.0 = Debug|Any CPU
		{1985733C-9699-4873-A0E0-082FFACDF8FF}.Release|Any CPU.ActiveCfg = Release|Any CPU
		{1985733C-9699-4873-A0E0-082FFACDF8FF}.Release|Any CPU.Build.0 = Release|Any CPU
	EndGlobalSection
	GlobalSection(SolutionProperties) = preSolution
		HideSolutionNode = FALSE
	EndGlobalSection
	GlobalSection(ExtensibilityGlobals) = postSolution
		SolutionGuid = {D927CEF0-2025-4541-909E-5EFC5B2B837A}
	EndGlobalSection
EndGlobal
