
Microsoft Visual Studio Solution File, Format Version 12.00
# Visual Studio Version 16
VisualStudioVersion = 16.0.31424.327
MinimumVisualStudioVersion = 10.0.40219.1
Project("{FAE04EC0-301F-11D3-BF4B-00C04F79EFBC}") = "ActionFuncPredApp", "ActionFuncPredApp.csproj", "{870C422F-5301-47FA-893B-5B53A9D68D2E}"
EndProject
Global
	GlobalSection(SolutionConfigurationPlatforms) = preSolution
		Debug|Any CPU = Debug|Any CPU
		Release|Any CPU = Release|Any CPU
	EndGlobalSection
	GlobalSection(ProjectConfigurationPlatforms) = postSolution
		{870C422F-5301-47FA-893B-5B53A9D68D2E}.Debug|Any CPU.ActiveCfg = Debug|Any CPU
		{870C422F-5301-47FA-893B-5B53A9D68D2E}.Debug|Any CPU.Build.0 = Debug|Any CPU
		{870C422F-5301-47FA-893B-5B53A9D68D2E}.Release|Any CPU.ActiveCfg = Release|Any CPU
		{870C422F-5301-47FA-893B-5B53A9D68D2E}.Release|Any CPU.Build.0 = Release|Any CPU
	EndGlobalSection
	GlobalSection(SolutionProperties) = preSolution
		HideSolutionNode = FALSE
	EndGlobalSection
	GlobalSection(ExtensibilityGlobals) = postSolution
		SolutionGuid = {A913295A-B601-452F-8508-B45C5EBEDCA9}
	EndGlobalSection
EndGlobal
