
Microsoft Visual Studio Solution File, Format Version 12.00
# Visual Studio Version 16
VisualStudioVersion = 16.0.31424.327
MinimumVisualStudioVersion = 10.0.40219.1
Project("{FAE04EC0-301F-11D3-BF4B-00C04F79EFBC}") = "RectangleEncapApp", "RectangleEncapApp.csproj", "{DFF21407-B011-4DB6-B344-344F89C7C671}"
EndProject
Global
	GlobalSection(SolutionConfigurationPlatforms) = preSolution
		Debug|Any CPU = Debug|Any CPU
		Release|Any CPU = Release|Any CPU
	EndGlobalSection
	GlobalSection(ProjectConfigurationPlatforms) = postSolution
		{DFF21407-B011-4DB6-B344-344F89C7C671}.Debug|Any CPU.ActiveCfg = Debug|Any CPU
		{DFF21407-B011-4DB6-B344-344F89C7C671}.Debug|Any CPU.Build.0 = Debug|Any CPU
		{DFF21407-B011-4DB6-B344-344F89C7C671}.Release|Any CPU.ActiveCfg = Release|Any CPU
		{DFF21407-B011-4DB6-B344-344F89C7C671}.Release|Any CPU.Build.0 = Release|Any CPU
	EndGlobalSection
	GlobalSection(SolutionProperties) = preSolution
		HideSolutionNode = FALSE
	EndGlobalSection
	GlobalSection(ExtensibilityGlobals) = postSolution
		SolutionGuid = {BBB58803-E73D-4398-B746-9848C252C769}
	EndGlobalSection
EndGlobal
