
Microsoft Visual Studio Solution File, Format Version 12.00
# Visual Studio Version 16
VisualStudioVersion = 16.0.31424.327
MinimumVisualStudioVersion = 10.0.40219.1
Project("{FAE04EC0-301F-11D3-BF4B-00C04F79EFBC}") = "CalcDelegateApp", "CalcDelegateApp.csproj", "{FFD645CA-5971-4382-B5FE-3CEE74E0CDF0}"
EndProject
Global
	GlobalSection(SolutionConfigurationPlatforms) = preSolution
		Debug|Any CPU = Debug|Any CPU
		Release|Any CPU = Release|Any CPU
	EndGlobalSection
	GlobalSection(ProjectConfigurationPlatforms) = postSolution
		{FFD645CA-5971-4382-B5FE-3CEE74E0CDF0}.Debug|Any CPU.ActiveCfg = Debug|Any CPU
		{FFD645CA-5971-4382-B5FE-3CEE74E0CDF0}.Debug|Any CPU.Build.0 = Debug|Any CPU
		{FFD645CA-5971-4382-B5FE-3CEE74E0CDF0}.Release|Any CPU.ActiveCfg = Release|Any CPU
		{FFD645CA-5971-4382-B5FE-3CEE74E0CDF0}.Release|Any CPU.Build.0 = Release|Any CPU
	EndGlobalSection
	GlobalSection(SolutionProperties) = preSolution
		HideSolutionNode = FALSE
	EndGlobalSection
	GlobalSection(ExtensibilityGlobals) = postSolution
		SolutionGuid = {38E63E03-7A0D-4421-A89B-A9182BC0410B}
	EndGlobalSection
EndGlobal
