
Microsoft Visual Studio Solution File, Format Version 12.00
# Visual Studio Version 16
VisualStudioVersion = 16.0.31424.327
MinimumVisualStudioVersion = 10.0.40219.1
Project("{FAE04EC0-301F-11D3-BF4B-00C04F79EFBC}") = "PointStructureApp", "PointStructureApp.csproj", "{45341437-4FAF-478E-BF93-1F0FDF883100}"
EndProject
Global
	GlobalSection(SolutionConfigurationPlatforms) = preSolution
		Debug|Any CPU = Debug|Any CPU
		Release|Any CPU = Release|Any CPU
	EndGlobalSection
	GlobalSection(ProjectConfigurationPlatforms) = postSolution
		{45341437-4FAF-478E-BF93-1F0FDF883100}.Debug|Any CPU.ActiveCfg = Debug|Any CPU
		{45341437-4FAF-478E-BF93-1F0FDF883100}.Debug|Any CPU.Build.0 = Debug|Any CPU
		{45341437-4FAF-478E-BF93-1F0FDF883100}.Release|Any CPU.ActiveCfg = Release|Any CPU
		{45341437-4FAF-478E-BF93-1F0FDF883100}.Release|Any CPU.Build.0 = Release|Any CPU
	EndGlobalSection
	GlobalSection(SolutionProperties) = preSolution
		HideSolutionNode = FALSE
	EndGlobalSection
	GlobalSection(ExtensibilityGlobals) = postSolution
		SolutionGuid = {6E8DECC3-AF56-4D0F-B6B8-212D36B48999}
	EndGlobalSection
EndGlobal
